{
  "name": "movie404",
  "lockfileVersion": 3,
  "requires": true,
  "packages": {
    "": {
      "dependencies": {
        "@portone/browser-sdk": "^0.0.20"
      }
    },
    "node_modules/@portone/browser-sdk": {
      "version": "0.0.20",
      "resolved": "https://registry.npmjs.org/@portone/browser-sdk/-/browser-sdk-0.0.20.tgz",
      "integrity": "sha512-Mg1/Eqp+WvVo/gN/N3tbGUdKpB7hZfyxZYf6FbZAnTo5Ctk8HcM+jY034ZDVF9rwq5xCsbA5WVLrm4BxvHTnwA=="
    }
  }
}
